<Solution>
  <Folder Name="/Section4Setup/">
    <Project Path="Section4Setup/HelloAgent/HelloAgent.csproj" />
  </Folder>
  <Folder Name="/Section5GettingStarted/">
    <Project Path="Section5GettingStarted/BasicAgentApp/BasicAgentApp.csproj" />
    <Project Path="Section5GettingStarted/MultiTurn/MultiTurn.csproj" />
    <Project Path="Section5GettingStarted/Streaming/Streaming.csproj" />
    <Project Path="Section5GettingStarted/StructuredOutput/StructuredOutput.csproj" />
  </Folder>
  <Folder Name="/Section5GettingStarted/MinimalAgent/">
    <Project Path="Section5GettingStarted/MinimalAgent/AppHost/AppHost.csproj" />
    <Project Path="Section5GettingStarted/MinimalAgent/ServiceDefaults/ServiceDefaults.csproj" />
    <Project Path="Section5GettingStarted/MinimalAgent/WebApi/WebApi.csproj" />
  </Folder>
  <Folder Name="/Section6ToolUse/">
    <Project Path="Section6ToolUse/ApproveRequiredFunc/ApproveRequiredFunc.csproj" />
    <Project Path="Section6ToolUse/CodeInterpreter/CodeInterpreter.csproj" />
    <Project Path="Section6ToolUse/FunctionCall/FunctionCall.csproj" />
  </Folder>
  <Folder Name="/Section6ToolUse/MinimalAgent/">
    <Project Path="Section6ToolUse/MinimalAgent/AppHost/AppHost.csproj" />
    <Project Path="Section6ToolUse/MinimalAgent/ServiceDefaults/ServiceDefaults.csproj" />
    <Project Path="Section6ToolUse/MinimalAgent/WebApi/WebApi.csproj" />
  </Folder>
  <Folder Name="/Section7Memory/">
    <Project Path="Section7Memory/CustomContextProvider/CustomContextProvider.csproj" />
    <Project Path="Section7Memory/MockCosmosDb/MockCosmosDb.csproj" />
  </Folder>

</Solution>
