<Solution>
  <Folder Name="/Section11AgenticRag/">
    <Project Path="Section11AgenticRag/BasicTextRag/BasicTextRag.csproj" />
    <Project Path="Section11AgenticRag/QdrantVectorStore/QdrantVectorStore.csproj" />
  </Folder>
  <Folder Name="/Section13A2A/">
    <Project Path="Section13A2A/EnterpriseComplianceService/EnterpriseComplianceService.csproj" />
  </Folder>
  <Folder Name="/Section4Setup/">
    <Project Path="Section4Setup/HelloAgent/HelloAgent.csproj" />
  </Folder>
  <Folder Name="/Section5GettingStarted/">
    <Project Path="Section5GettingStarted/BasicAgentApp/BasicAgentApp.csproj" />
    <Project Path="Section5GettingStarted/MultiTurn/MultiTurn.csproj" />
    <Project Path="Section5GettingStarted/Streaming/Streaming.csproj" />
    <Project Path="Section5GettingStarted/StructuredOutput/StructuredOutput.csproj" />
  </Folder>
  <Folder Name="/Section5GettingStarted/MinimalAgent/">
    <Project Path="Section5GettingStarted/MinimalAgent/AppHost/AppHost.csproj" />
    <Project Path="Section5GettingStarted/MinimalAgent/ServiceDefaults/ServiceDefaults.csproj" />
    <Project Path="Section5GettingStarted/MinimalAgent/WebApi/WebApi.csproj" />
  </Folder>
  <Folder Name="/Section6ToolUse/">
    <Project Path="Section6ToolUse/ApproveRequiredFunc/ApproveRequiredFunc.csproj" />
    <Project Path="Section6ToolUse/CodeInterpreter/CodeInterpreter.csproj" />
    <Project Path="Section6ToolUse/FunctionCall/FunctionCall.csproj" />
  </Folder>
  <Folder Name="/Section6ToolUse/MinimalAgent/">
    <Project Path="Section6ToolUse/MinimalAgent/AppHost/AppHost.csproj" />
    <Project Path="Section6ToolUse/MinimalAgent/ServiceDefaults/ServiceDefaults.csproj" />
    <Project Path="Section6ToolUse/MinimalAgent/WebApi/WebApi.csproj" />
  </Folder>
  <Folder Name="/Section7Memory/">
    <Project Path="Section7Memory/CustomContextProvider/CustomContextProvider.csproj" />
    <Project Path="Section7Memory/MockCosmosDb/MockCosmosDb.csproj" />
  </Folder>
  <Folder Name="/Section8Workflows/">
    <Project Path="Section8Workflows/AgentsWorkflow/AgentsWorkflow.csproj" />
    <Project Path="Section8Workflows/FirstWorkflow/FirstWorkflow.csproj" />
  </Folder>
  <Folder Name="/Section9WorkflowPattern/">
    <Project Path="Section9WorkflowPattern/AgenticWorkflowPattern/AgenticWorkflowPattern.csproj" />
  </Folder>
  <Folder Name="/Section9WorkflowPattern/MinimalAgent/">
    <Project Path="Section9WorkflowPattern/MinimalAgent/AppHost/AppHost.csproj" />
    <Project Path="Section9WorkflowPattern/MinimalAgent/ServiceDefaults/ServiceDefaults.csproj" />
    <Project Path="Section9WorkflowPattern/MinimalAgent/WebApi/WebApi.csproj" />
  </Folder>

</Solution>
